
Microsoft Visual Studio Solution File, Format Version 12.00
# Visual Studio 2013
VisualStudioVersion = 12.0.21005.1
MinimumVisualStudioVersion = 10.0.40219.1
Project("{8BC9CEB8-8B4A-11D0-8D11-00A0C91BC942}") = "Project2-12-9（1）", "Project2-12-9（1）\Project2-12-9（1）.vcxproj", "{92FA1ED8-17CC-4945-903C-D176D30B4A91}"
EndProject
Global
	GlobalSection(SolutionConfigurationPlatforms) = preSolution
		Debug|Win32 = Debug|Win32
		Release|Win32 = Release|Win32
	EndGlobalSection
	GlobalSection(ProjectConfigurationPlatforms) = postSolution
		{92FA1ED8-17CC-4945-903C-D176D30B4A91}.Debug|Win32.ActiveCfg = Debug|Win32
		{92FA1ED8-17CC-4945-903C-D176D30B4A91}.Debug|Win32.Build.0 = Debug|Win32
		{92FA1ED8-17CC-4945-903C-D176D30B4A91}.Release|Win32.ActiveCfg = Release|Win32
		{92FA1ED8-17CC-4945-903C-D176D30B4A91}.Release|Win32.Build.0 = Release|Win32
	EndGlobalSection
	GlobalSection(SolutionProperties) = preSolution
		HideSolutionNode = FALSE
	EndGlobalSection
EndGlobal
